
Microsoft Visual Studio Solution File, Format Version 10.00
# Visual Studio 2008
Project("{8BC9CEB8-8B4A-11D0-8D11-00A0C91BC942}") = "Core", "..\Core\Core.vcproj", "{D5962A80-CFCF-437A-B224-01C03CF9FD1A}"
EndProject
Project("{8BC9CEB8-8B4A-11D0-8D11-00A0C91BC942}") = "Fish_GinDaWei_Win32", "Win32Test\Win32Test.vcproj", "{77E00846-770C-45AA-99A1-EF295FB97B74}"
	ProjectSection(ProjectDependencies) = postProject
		{EE85B901-4FF3-430F-9F83-8631B27095A9} = {EE85B901-4FF3-430F-9F83-8631B27095A9}
		{BEFD3814-0AC0-4B4D-8C68-96831987687E} = {BEFD3814-0AC0-4B4D-8C68-96831987687E}
		{AF0E7859-3773-4E19-923E-38894C43973D} = {AF0E7859-3773-4E19-923E-38894C43973D}
		{D653576B-9502-43ED-9998-E600B555C664} = {D653576B-9502-43ED-9998-E600B555C664}
		{377C8B76-B1E4-4004-83E6-65C42799380E} = {377C8B76-B1E4-4004-83E6-65C42799380E}
		{D5962A80-CFCF-437A-B224-01C03CF9FD1A} = {D5962A80-CFCF-437A-B224-01C03CF9FD1A}
		{CB79DCA3-5F7A-423F-BA3E-01DF441C06B1} = {CB79DCA3-5F7A-423F-BA3E-01DF441C06B1}
		{E063A3A9-93FD-4F7A-AD22-AA36A144B338} = {E063A3A9-93FD-4F7A-AD22-AA36A144B338}
		{64A7BBC6-E1F0-45AE-A147-BE8F5E3458A1} = {64A7BBC6-E1F0-45AE-A147-BE8F5E3458A1}
	EndProjectSection
EndProject
Project("{8BC9CEB8-8B4A-11D0-8D11-00A0C91BC942}") = "FishProbability", "FishProbability\FishProbability.vcproj", "{EE85B901-4FF3-430F-9F83-8631B27095A9}"
EndProject
Project("{8BC9CEB8-8B4A-11D0-8D11-00A0C91BC942}") = "MiniGame", "MiniGame\MiniGame.vcproj", "{BEFD3814-0AC0-4B4D-8C68-96831987687E}"
EndProject
Project("{8BC9CEB8-8B4A-11D0-8D11-00A0C91BC942}") = "PlayerBehavior", "PlayerBehavior\PlayerBehavior.vcproj", "{64A7BBC6-E1F0-45AE-A147-BE8F5E3458A1}"
EndProject
Project("{8BC9CEB8-8B4A-11D0-8D11-00A0C91BC942}") = "Monster", "Monster\Monster.vcproj", "{D653576B-9502-43ED-9998-E600B555C664}"
EndProject
Project("{8BC9CEB8-8B4A-11D0-8D11-00A0C91BC942}") = "FatmingAI", "..\Core\FatmingAI\FatmingAI.vcproj", "{377C8B76-B1E4-4004-83E6-65C42799380E}"
EndProject
Project("{8BC9CEB8-8B4A-11D0-8D11-00A0C91BC942}") = "IOSimulationMachine", "..\IOSimulationMachine\IOSimulationMachine.vcproj", "{E063A3A9-93FD-4F7A-AD22-AA36A144B338}"
EndProject
Project("{8BC9CEB8-8B4A-11D0-8D11-00A0C91BC942}") = "FMEvent", "..\Core\GameplayUT\Event\Event.vcproj", "{CB79DCA3-5F7A-423F-BA3E-01DF441C06B1}"
EndProject
Project("{8BC9CEB8-8B4A-11D0-8D11-00A0C91BC942}") = "ControlPanel", "ControlPanel\ControlPanel.vcproj", "{AF0E7859-3773-4E19-923E-38894C43973D}"
EndProject
Global
	GlobalSection(SolutionConfigurationPlatforms) = preSolution
		Debug|Win32 = Debug|Win32
		DebugFixedPipeline|Win32 = DebugFixedPipeline|Win32
		DotNetDebug|Win32 = DotNetDebug|Win32
		DotNetRelease|Win32 = DotNetRelease|Win32
		Release|Win32 = Release|Win32
		ReleaseFixedPipeline|Win32 = ReleaseFixedPipeline|Win32
	EndGlobalSection
	GlobalSection(ProjectConfigurationPlatforms) = postSolution
		{D5962A80-CFCF-437A-B224-01C03CF9FD1A}.Debug|Win32.ActiveCfg = Debug|Win32
		{D5962A80-CFCF-437A-B224-01C03CF9FD1A}.Debug|Win32.Build.0 = Debug|Win32
		{D5962A80-CFCF-437A-B224-01C03CF9FD1A}.DebugFixedPipeline|Win32.ActiveCfg = DebugFixedPipeline|Win32
		{D5962A80-CFCF-437A-B224-01C03CF9FD1A}.DebugFixedPipeline|Win32.Build.0 = DebugFixedPipeline|Win32
		{D5962A80-CFCF-437A-B224-01C03CF9FD1A}.DotNetDebug|Win32.ActiveCfg = Debug|Win32
		{D5962A80-CFCF-437A-B224-01C03CF9FD1A}.DotNetDebug|Win32.Build.0 = Debug|Win32
		{D5962A80-CFCF-437A-B224-01C03CF9FD1A}.DotNetRelease|Win32.ActiveCfg = Release|Win32
		{D5962A80-CFCF-437A-B224-01C03CF9FD1A}.DotNetRelease|Win32.Build.0 = Release|Win32
		{D5962A80-CFCF-437A-B224-01C03CF9FD1A}.Release|Win32.ActiveCfg = Release|Win32
		{D5962A80-CFCF-437A-B224-01C03CF9FD1A}.Release|Win32.Build.0 = Release|Win32
		{D5962A80-CFCF-437A-B224-01C03CF9FD1A}.ReleaseFixedPipeline|Win32.ActiveCfg = ReleaseFixedPipeline|Win32
		{D5962A80-CFCF-437A-B224-01C03CF9FD1A}.ReleaseFixedPipeline|Win32.Build.0 = ReleaseFixedPipeline|Win32
		{77E00846-770C-45AA-99A1-EF295FB97B74}.Debug|Win32.ActiveCfg = Debug|Win32
		{77E00846-770C-45AA-99A1-EF295FB97B74}.Debug|Win32.Build.0 = Debug|Win32
		{77E00846-770C-45AA-99A1-EF295FB97B74}.DebugFixedPipeline|Win32.ActiveCfg = DebugFixedPipeline|Win32
		{77E00846-770C-45AA-99A1-EF295FB97B74}.DebugFixedPipeline|Win32.Build.0 = DebugFixedPipeline|Win32
		{77E00846-770C-45AA-99A1-EF295FB97B74}.DotNetDebug|Win32.ActiveCfg = Debug|Win32
		{77E00846-770C-45AA-99A1-EF295FB97B74}.DotNetDebug|Win32.Build.0 = Debug|Win32
		{77E00846-770C-45AA-99A1-EF295FB97B74}.DotNetRelease|Win32.ActiveCfg = Release|Win32
		{77E00846-770C-45AA-99A1-EF295FB97B74}.DotNetRelease|Win32.Build.0 = Release|Win32
		{77E00846-770C-45AA-99A1-EF295FB97B74}.Release|Win32.ActiveCfg = Release|Win32
		{77E00846-770C-45AA-99A1-EF295FB97B74}.Release|Win32.Build.0 = Release|Win32
		{77E00846-770C-45AA-99A1-EF295FB97B74}.ReleaseFixedPipeline|Win32.ActiveCfg = ReleaseFixedpipeline|Win32
		{77E00846-770C-45AA-99A1-EF295FB97B74}.ReleaseFixedPipeline|Win32.Build.0 = ReleaseFixedpipeline|Win32
		{EE85B901-4FF3-430F-9F83-8631B27095A9}.Debug|Win32.ActiveCfg = Debug|Win32
		{EE85B901-4FF3-430F-9F83-8631B27095A9}.Debug|Win32.Build.0 = Debug|Win32
		{EE85B901-4FF3-430F-9F83-8631B27095A9}.DebugFixedPipeline|Win32.ActiveCfg = Debug|Win32
		{EE85B901-4FF3-430F-9F83-8631B27095A9}.DebugFixedPipeline|Win32.Build.0 = Debug|Win32
		{EE85B901-4FF3-430F-9F83-8631B27095A9}.DotNetDebug|Win32.ActiveCfg = Debug|Win32
		{EE85B901-4FF3-430F-9F83-8631B27095A9}.DotNetDebug|Win32.Build.0 = Debug|Win32
		{EE85B901-4FF3-430F-9F83-8631B27095A9}.DotNetRelease|Win32.ActiveCfg = Release|Win32
		{EE85B901-4FF3-430F-9F83-8631B27095A9}.DotNetRelease|Win32.Build.0 = Release|Win32
		{EE85B901-4FF3-430F-9F83-8631B27095A9}.Release|Win32.ActiveCfg = Release|Win32
		{EE85B901-4FF3-430F-9F83-8631B27095A9}.Release|Win32.Build.0 = Release|Win32
		{EE85B901-4FF3-430F-9F83-8631B27095A9}.ReleaseFixedPipeline|Win32.ActiveCfg = Release|Win32
		{EE85B901-4FF3-430F-9F83-8631B27095A9}.ReleaseFixedPipeline|Win32.Build.0 = Release|Win32
		{BEFD3814-0AC0-4B4D-8C68-96831987687E}.Debug|Win32.ActiveCfg = Debug|Win32
		{BEFD3814-0AC0-4B4D-8C68-96831987687E}.Debug|Win32.Build.0 = Debug|Win32
		{BEFD3814-0AC0-4B4D-8C68-96831987687E}.DebugFixedPipeline|Win32.ActiveCfg = Debug|Win32
		{BEFD3814-0AC0-4B4D-8C68-96831987687E}.DebugFixedPipeline|Win32.Build.0 = Debug|Win32
		{BEFD3814-0AC0-4B4D-8C68-96831987687E}.DotNetDebug|Win32.ActiveCfg = Debug|Win32
		{BEFD3814-0AC0-4B4D-8C68-96831987687E}.DotNetDebug|Win32.Build.0 = Debug|Win32
		{BEFD3814-0AC0-4B4D-8C68-96831987687E}.DotNetRelease|Win32.ActiveCfg = Release|Win32
		{BEFD3814-0AC0-4B4D-8C68-96831987687E}.DotNetRelease|Win32.Build.0 = Release|Win32
		{BEFD3814-0AC0-4B4D-8C68-96831987687E}.Release|Win32.ActiveCfg = Release|Win32
		{BEFD3814-0AC0-4B4D-8C68-96831987687E}.Release|Win32.Build.0 = Release|Win32
		{BEFD3814-0AC0-4B4D-8C68-96831987687E}.ReleaseFixedPipeline|Win32.ActiveCfg = Release|Win32
		{BEFD3814-0AC0-4B4D-8C68-96831987687E}.ReleaseFixedPipeline|Win32.Build.0 = Release|Win32
		{64A7BBC6-E1F0-45AE-A147-BE8F5E3458A1}.Debug|Win32.ActiveCfg = Debug|Win32
		{64A7BBC6-E1F0-45AE-A147-BE8F5E3458A1}.Debug|Win32.Build.0 = Debug|Win32
		{64A7BBC6-E1F0-45AE-A147-BE8F5E3458A1}.DebugFixedPipeline|Win32.ActiveCfg = Debug|Win32
		{64A7BBC6-E1F0-45AE-A147-BE8F5E3458A1}.DebugFixedPipeline|Win32.Build.0 = Debug|Win32
		{64A7BBC6-E1F0-45AE-A147-BE8F5E3458A1}.DotNetDebug|Win32.ActiveCfg = Debug|Win32
		{64A7BBC6-E1F0-45AE-A147-BE8F5E3458A1}.DotNetDebug|Win32.Build.0 = Debug|Win32
		{64A7BBC6-E1F0-45AE-A147-BE8F5E3458A1}.DotNetRelease|Win32.ActiveCfg = Release|Win32
		{64A7BBC6-E1F0-45AE-A147-BE8F5E3458A1}.DotNetRelease|Win32.Build.0 = Release|Win32
		{64A7BBC6-E1F0-45AE-A147-BE8F5E3458A1}.Release|Win32.ActiveCfg = Release|Win32
		{64A7BBC6-E1F0-45AE-A147-BE8F5E3458A1}.Release|Win32.Build.0 = Release|Win32
		{64A7BBC6-E1F0-45AE-A147-BE8F5E3458A1}.ReleaseFixedPipeline|Win32.ActiveCfg = Release|Win32
		{64A7BBC6-E1F0-45AE-A147-BE8F5E3458A1}.ReleaseFixedPipeline|Win32.Build.0 = Release|Win32
		{D653576B-9502-43ED-9998-E600B555C664}.Debug|Win32.ActiveCfg = Debug|Win32
		{D653576B-9502-43ED-9998-E600B555C664}.Debug|Win32.Build.0 = Debug|Win32
		{D653576B-9502-43ED-9998-E600B555C664}.DebugFixedPipeline|Win32.ActiveCfg = Debug|Win32
		{D653576B-9502-43ED-9998-E600B555C664}.DebugFixedPipeline|Win32.Build.0 = Debug|Win32
		{D653576B-9502-43ED-9998-E600B555C664}.DotNetDebug|Win32.ActiveCfg = Debug|Win32
		{D653576B-9502-43ED-9998-E600B555C664}.DotNetDebug|Win32.Build.0 = Debug|Win32
		{D653576B-9502-43ED-9998-E600B555C664}.DotNetRelease|Win32.ActiveCfg = Release|Win32
		{D653576B-9502-43ED-9998-E600B555C664}.DotNetRelease|Win32.Build.0 = Release|Win32
		{D653576B-9502-43ED-9998-E600B555C664}.Release|Win32.ActiveCfg = Release|Win32
		{D653576B-9502-43ED-9998-E600B555C664}.Release|Win32.Build.0 = Release|Win32
		{D653576B-9502-43ED-9998-E600B555C664}.ReleaseFixedPipeline|Win32.ActiveCfg = Release|Win32
		{D653576B-9502-43ED-9998-E600B555C664}.ReleaseFixedPipeline|Win32.Build.0 = Release|Win32
		{377C8B76-B1E4-4004-83E6-65C42799380E}.Debug|Win32.ActiveCfg = Debug|Win32
		{377C8B76-B1E4-4004-83E6-65C42799380E}.Debug|Win32.Build.0 = Debug|Win32
		{377C8B76-B1E4-4004-83E6-65C42799380E}.DebugFixedPipeline|Win32.ActiveCfg = Debug|Win32
		{377C8B76-B1E4-4004-83E6-65C42799380E}.DebugFixedPipeline|Win32.Build.0 = Debug|Win32
		{377C8B76-B1E4-4004-83E6-65C42799380E}.DotNetDebug|Win32.ActiveCfg = Debug|Win32
		{377C8B76-B1E4-4004-83E6-65C42799380E}.DotNetDebug|Win32.Build.0 = Debug|Win32
		{377C8B76-B1E4-4004-83E6-65C42799380E}.DotNetRelease|Win32.ActiveCfg = Release|Win32
		{377C8B76-B1E4-4004-83E6-65C42799380E}.DotNetRelease|Win32.Build.0 = Release|Win32
		{377C8B76-B1E4-4004-83E6-65C42799380E}.Release|Win32.ActiveCfg = Release|Win32
		{377C8B76-B1E4-4004-83E6-65C42799380E}.Release|Win32.Build.0 = Release|Win32
		{377C8B76-B1E4-4004-83E6-65C42799380E}.ReleaseFixedPipeline|Win32.ActiveCfg = Release|Win32
		{377C8B76-B1E4-4004-83E6-65C42799380E}.ReleaseFixedPipeline|Win32.Build.0 = Release|Win32
		{E063A3A9-93FD-4F7A-AD22-AA36A144B338}.Debug|Win32.ActiveCfg = Debug|Win32
		{E063A3A9-93FD-4F7A-AD22-AA36A144B338}.Debug|Win32.Build.0 = Debug|Win32
		{E063A3A9-93FD-4F7A-AD22-AA36A144B338}.DebugFixedPipeline|Win32.ActiveCfg = Debug|Win32
		{E063A3A9-93FD-4F7A-AD22-AA36A144B338}.DebugFixedPipeline|Win32.Build.0 = Debug|Win32
		{E063A3A9-93FD-4F7A-AD22-AA36A144B338}.DotNetDebug|Win32.ActiveCfg = DotNetDebug|Win32
		{E063A3A9-93FD-4F7A-AD22-AA36A144B338}.DotNetDebug|Win32.Build.0 = DotNetDebug|Win32
		{E063A3A9-93FD-4F7A-AD22-AA36A144B338}.DotNetRelease|Win32.ActiveCfg = DotNetRelease|Win32
		{E063A3A9-93FD-4F7A-AD22-AA36A144B338}.DotNetRelease|Win32.Build.0 = DotNetRelease|Win32
		{E063A3A9-93FD-4F7A-AD22-AA36A144B338}.Release|Win32.ActiveCfg = Release|Win32
		{E063A3A9-93FD-4F7A-AD22-AA36A144B338}.Release|Win32.Build.0 = Release|Win32
		{E063A3A9-93FD-4F7A-AD22-AA36A144B338}.ReleaseFixedPipeline|Win32.ActiveCfg = Release|Win32
		{E063A3A9-93FD-4F7A-AD22-AA36A144B338}.ReleaseFixedPipeline|Win32.Build.0 = Release|Win32
		{CB79DCA3-5F7A-423F-BA3E-01DF441C06B1}.Debug|Win32.ActiveCfg = Debug|Win32
		{CB79DCA3-5F7A-423F-BA3E-01DF441C06B1}.Debug|Win32.Build.0 = Debug|Win32
		{CB79DCA3-5F7A-423F-BA3E-01DF441C06B1}.DebugFixedPipeline|Win32.ActiveCfg = Debug|Win32
		{CB79DCA3-5F7A-423F-BA3E-01DF441C06B1}.DebugFixedPipeline|Win32.Build.0 = Debug|Win32
		{CB79DCA3-5F7A-423F-BA3E-01DF441C06B1}.DotNetDebug|Win32.ActiveCfg = Debug|Win32
		{CB79DCA3-5F7A-423F-BA3E-01DF441C06B1}.DotNetDebug|Win32.Build.0 = Debug|Win32
		{CB79DCA3-5F7A-423F-BA3E-01DF441C06B1}.DotNetRelease|Win32.ActiveCfg = Release|Win32
		{CB79DCA3-5F7A-423F-BA3E-01DF441C06B1}.DotNetRelease|Win32.Build.0 = Release|Win32
		{CB79DCA3-5F7A-423F-BA3E-01DF441C06B1}.Release|Win32.ActiveCfg = Release|Win32
		{CB79DCA3-5F7A-423F-BA3E-01DF441C06B1}.Release|Win32.Build.0 = Release|Win32
		{CB79DCA3-5F7A-423F-BA3E-01DF441C06B1}.ReleaseFixedPipeline|Win32.ActiveCfg = Release|Win32
		{CB79DCA3-5F7A-423F-BA3E-01DF441C06B1}.ReleaseFixedPipeline|Win32.Build.0 = Release|Win32
		{AF0E7859-3773-4E19-923E-38894C43973D}.Debug|Win32.ActiveCfg = Debug|Win32
		{AF0E7859-3773-4E19-923E-38894C43973D}.Debug|Win32.Build.0 = Debug|Win32
		{AF0E7859-3773-4E19-923E-38894C43973D}.DebugFixedPipeline|Win32.ActiveCfg = Debug|Win32
		{AF0E7859-3773-4E19-923E-38894C43973D}.DebugFixedPipeline|Win32.Build.0 = Debug|Win32
		{AF0E7859-3773-4E19-923E-38894C43973D}.DotNetDebug|Win32.ActiveCfg = Debug|Win32
		{AF0E7859-3773-4E19-923E-38894C43973D}.DotNetDebug|Win32.Build.0 = Debug|Win32
		{AF0E7859-3773-4E19-923E-38894C43973D}.DotNetRelease|Win32.ActiveCfg = Release|Win32
		{AF0E7859-3773-4E19-923E-38894C43973D}.DotNetRelease|Win32.Build.0 = Release|Win32
		{AF0E7859-3773-4E19-923E-38894C43973D}.Release|Win32.ActiveCfg = Release|Win32
		{AF0E7859-3773-4E19-923E-38894C43973D}.Release|Win32.Build.0 = Release|Win32
		{AF0E7859-3773-4E19-923E-38894C43973D}.ReleaseFixedPipeline|Win32.ActiveCfg = Release|Win32
		{AF0E7859-3773-4E19-923E-38894C43973D}.ReleaseFixedPipeline|Win32.Build.0 = Release|Win32
	EndGlobalSection
	GlobalSection(SolutionProperties) = preSolution
		HideSolutionNode = FALSE
	EndGlobalSection
EndGlobal
