
Microsoft Visual Studio Solution File, Format Version 9.00
# Visual Studio 2005
Project("{8BC9CEB8-8B4A-11D0-8D11-00A0C91BC942}") = "IODevice", "IODevice\IODevice.vcproj", "{C7277E68-0F20-4838-B427-78B5E5AFE14F}"
	ProjectSection(ProjectDependencies) = postProject
		{6111348D-5F23-413F-B4BB-F1D0007ECF78} = {6111348D-5F23-413F-B4BB-F1D0007ECF78}
		{E063A3A9-93FD-4F7A-AD22-AA36A144B338} = {E063A3A9-93FD-4F7A-AD22-AA36A144B338}
	EndProjectSection
EndProject
Project("{8BC9CEB8-8B4A-11D0-8D11-00A0C91BC942}") = "Core2005", "..\Core\Core2005\Core2005.vcproj", "{6111348D-5F23-413F-B4BB-F1D0007ECF78}"
EndProject
Project("{8BC9CEB8-8B4A-11D0-8D11-00A0C91BC942}") = "IOSimulationMachine", "..\IOSimulationMachine\IOSimulationMachine.vcproj", "{E063A3A9-93FD-4F7A-AD22-AA36A144B338}"
EndProject
Global
	GlobalSection(SolutionConfigurationPlatforms) = preSolution
		Debug|Win32 = Debug|Win32
		DotNetDebug|Win32 = DotNetDebug|Win32
		DotNetRelease|Win32 = DotNetRelease|Win32
		Release|Win32 = Release|Win32
	EndGlobalSection
	GlobalSection(ProjectConfigurationPlatforms) = postSolution
		{C7277E68-0F20-4838-B427-78B5E5AFE14F}.Debug|Win32.ActiveCfg = Debug|Win32
		{C7277E68-0F20-4838-B427-78B5E5AFE14F}.Debug|Win32.Build.0 = Debug|Win32
		{C7277E68-0F20-4838-B427-78B5E5AFE14F}.DotNetDebug|Win32.ActiveCfg = DotNetDebug|Win32
		{C7277E68-0F20-4838-B427-78B5E5AFE14F}.DotNetDebug|Win32.Build.0 = DotNetDebug|Win32
		{C7277E68-0F20-4838-B427-78B5E5AFE14F}.DotNetRelease|Win32.ActiveCfg = DotNetRelease|Win32
		{C7277E68-0F20-4838-B427-78B5E5AFE14F}.DotNetRelease|Win32.Build.0 = DotNetRelease|Win32
		{C7277E68-0F20-4838-B427-78B5E5AFE14F}.Release|Win32.ActiveCfg = Release|Win32
		{C7277E68-0F20-4838-B427-78B5E5AFE14F}.Release|Win32.Build.0 = Release|Win32
		{6111348D-5F23-413F-B4BB-F1D0007ECF78}.Debug|Win32.ActiveCfg = Debug|Win32
		{6111348D-5F23-413F-B4BB-F1D0007ECF78}.Debug|Win32.Build.0 = Debug|Win32
		{6111348D-5F23-413F-B4BB-F1D0007ECF78}.DotNetDebug|Win32.ActiveCfg = DotNetDebug|Win32
		{6111348D-5F23-413F-B4BB-F1D0007ECF78}.DotNetDebug|Win32.Build.0 = DotNetDebug|Win32
		{6111348D-5F23-413F-B4BB-F1D0007ECF78}.DotNetRelease|Win32.ActiveCfg = DotNetRelease|Win32
		{6111348D-5F23-413F-B4BB-F1D0007ECF78}.DotNetRelease|Win32.Build.0 = DotNetRelease|Win32
		{6111348D-5F23-413F-B4BB-F1D0007ECF78}.Release|Win32.ActiveCfg = Release|Win32
		{6111348D-5F23-413F-B4BB-F1D0007ECF78}.Release|Win32.Build.0 = Release|Win32
		{E063A3A9-93FD-4F7A-AD22-AA36A144B338}.Debug|Win32.ActiveCfg = Debug|Win32
		{E063A3A9-93FD-4F7A-AD22-AA36A144B338}.Debug|Win32.Build.0 = Debug|Win32
		{E063A3A9-93FD-4F7A-AD22-AA36A144B338}.DotNetDebug|Win32.ActiveCfg = DotNetDebug|Win32
		{E063A3A9-93FD-4F7A-AD22-AA36A144B338}.DotNetDebug|Win32.Build.0 = DotNetDebug|Win32
		{E063A3A9-93FD-4F7A-AD22-AA36A144B338}.DotNetRelease|Win32.ActiveCfg = DotNetRelease|Win32
		{E063A3A9-93FD-4F7A-AD22-AA36A144B338}.DotNetRelease|Win32.Build.0 = DotNetRelease|Win32
		{E063A3A9-93FD-4F7A-AD22-AA36A144B338}.Release|Win32.ActiveCfg = Release|Win32
		{E063A3A9-93FD-4F7A-AD22-AA36A144B338}.Release|Win32.Build.0 = Release|Win32
	EndGlobalSection
	GlobalSection(SolutionProperties) = preSolution
		HideSolutionNode = FALSE
	EndGlobalSection
EndGlobal
