
Microsoft Visual Studio Solution File, Format Version 10.00
# Visual Studio 2008
Project("{8BC9CEB8-8B4A-11D0-8D11-00A0C91BC942}") = "TextureEditor", "TextureEditor\TextureEditor.vcproj", "{EB2793AC-0767-4E73-89A0-8C21C502EE8C}"
	ProjectSection(ProjectDependencies) = postProject
		{D5962A80-CFCF-437A-B224-01C03CF9FD1A} = {D5962A80-CFCF-437A-B224-01C03CF9FD1A}
		{FE7583CC-945D-48FB-B49F-61CA59C21F5C} = {FE7583CC-945D-48FB-B49F-61CA59C21F5C}
	EndProjectSection
EndProject
Project("{8BC9CEB8-8B4A-11D0-8D11-00A0C91BC942}") = "FMCEditor", "Edit_Element\Edit_Element.vcproj", "{FE7583CC-945D-48FB-B49F-61CA59C21F5C}"
	ProjectSection(ProjectDependencies) = postProject
		{D5962A80-CFCF-437A-B224-01C03CF9FD1A} = {D5962A80-CFCF-437A-B224-01C03CF9FD1A}
		{465DD0FB-BE46-4E00-A957-816464E15056} = {465DD0FB-BE46-4E00-A957-816464E15056}
	EndProjectSection
EndProject
Project("{8BC9CEB8-8B4A-11D0-8D11-00A0C91BC942}") = "DotNetComponent", "..\DotNetComponent\DotNetComponent.vcproj", "{53FA2CA3-C363-431C-B580-67B685F757D8}"
EndProject
Project("{8BC9CEB8-8B4A-11D0-8D11-00A0C91BC942}") = "Core", "..\Core\Core.vcproj", "{D5962A80-CFCF-437A-B224-01C03CF9FD1A}"
EndProject
Project("{FAE04EC0-301F-11D3-BF4B-00C04F79EFBC}") = "TextureEditorWPF", "TextureEditorWPF\TextureEditorWPF.csproj", "{9EC556B5-121A-4F71-86F9-0C6A2E35FBDA}"
EndProject
Project("{FAE04EC0-301F-11D3-BF4B-00C04F79EFBC}") = "CoreWPF", "..\CoreWPF\CoreWPF.csproj", "{465DD0FB-BE46-4E00-A957-816464E15056}"
EndProject
Project("{FAE04EC0-301F-11D3-BF4B-00C04F79EFBC}") = "GongSolutions.Wpf.DragDrop", "..\CoreWPF\TimeLine\gong-wpf-dragdrop\GongSolutions.Wpf.DragDrop\GongSolutions.Wpf.DragDrop.csproj", "{0C6674CC-6D49-414A-9B41-D4E175028FFB}"
EndProject
Project("{FAE04EC0-301F-11D3-BF4B-00C04F79EFBC}") = "TimeLineTool", "..\CoreWPF\TimeLine\TimeLineTool\TimeLineTool.csproj", "{7439A26A-46E1-42A0-9D58-2E38289675F6}"
EndProject
Global
	GlobalSection(SolutionConfigurationPlatforms) = preSolution
		Debug|Any CPU = Debug|Any CPU
		Debug|Mixed Platforms = Debug|Mixed Platforms
		Debug|Win32 = Debug|Win32
		DebugFixedPipeline|Any CPU = DebugFixedPipeline|Any CPU
		DebugFixedPipeline|Mixed Platforms = DebugFixedPipeline|Mixed Platforms
		DebugFixedPipeline|Win32 = DebugFixedPipeline|Win32
		Release|Any CPU = Release|Any CPU
		Release|Mixed Platforms = Release|Mixed Platforms
		Release|Win32 = Release|Win32
		ReleaseFixedPipeline|Any CPU = ReleaseFixedPipeline|Any CPU
		ReleaseFixedPipeline|Mixed Platforms = ReleaseFixedPipeline|Mixed Platforms
		ReleaseFixedPipeline|Win32 = ReleaseFixedPipeline|Win32
	EndGlobalSection
	GlobalSection(ProjectConfigurationPlatforms) = postSolution
		{EB2793AC-0767-4E73-89A0-8C21C502EE8C}.Debug|Any CPU.ActiveCfg = Debug|Win32
		{EB2793AC-0767-4E73-89A0-8C21C502EE8C}.Debug|Mixed Platforms.ActiveCfg = Debug|Win32
		{EB2793AC-0767-4E73-89A0-8C21C502EE8C}.Debug|Mixed Platforms.Build.0 = Debug|Win32
		{EB2793AC-0767-4E73-89A0-8C21C502EE8C}.Debug|Win32.ActiveCfg = Debug|Win32
		{EB2793AC-0767-4E73-89A0-8C21C502EE8C}.Debug|Win32.Build.0 = Debug|Win32
		{EB2793AC-0767-4E73-89A0-8C21C502EE8C}.DebugFixedPipeline|Any CPU.ActiveCfg = Debug|Win32
		{EB2793AC-0767-4E73-89A0-8C21C502EE8C}.DebugFixedPipeline|Mixed Platforms.ActiveCfg = Debug|Win32
		{EB2793AC-0767-4E73-89A0-8C21C502EE8C}.DebugFixedPipeline|Mixed Platforms.Build.0 = Debug|Win32
		{EB2793AC-0767-4E73-89A0-8C21C502EE8C}.DebugFixedPipeline|Win32.ActiveCfg = Debug|Win32
		{EB2793AC-0767-4E73-89A0-8C21C502EE8C}.DebugFixedPipeline|Win32.Build.0 = Debug|Win32
		{EB2793AC-0767-4E73-89A0-8C21C502EE8C}.Release|Any CPU.ActiveCfg = Release|Win32
		{EB2793AC-0767-4E73-89A0-8C21C502EE8C}.Release|Mixed Platforms.ActiveCfg = Release|Win32
		{EB2793AC-0767-4E73-89A0-8C21C502EE8C}.Release|Mixed Platforms.Build.0 = Release|Win32
		{EB2793AC-0767-4E73-89A0-8C21C502EE8C}.Release|Win32.ActiveCfg = Release|Win32
		{EB2793AC-0767-4E73-89A0-8C21C502EE8C}.Release|Win32.Build.0 = Release|Win32
		{EB2793AC-0767-4E73-89A0-8C21C502EE8C}.ReleaseFixedPipeline|Any CPU.ActiveCfg = Release|Win32
		{EB2793AC-0767-4E73-89A0-8C21C502EE8C}.ReleaseFixedPipeline|Mixed Platforms.ActiveCfg = Release|Win32
		{EB2793AC-0767-4E73-89A0-8C21C502EE8C}.ReleaseFixedPipeline|Mixed Platforms.Build.0 = Release|Win32
		{EB2793AC-0767-4E73-89A0-8C21C502EE8C}.ReleaseFixedPipeline|Win32.ActiveCfg = Release|Win32
		{EB2793AC-0767-4E73-89A0-8C21C502EE8C}.ReleaseFixedPipeline|Win32.Build.0 = Release|Win32
		{FE7583CC-945D-48FB-B49F-61CA59C21F5C}.Debug|Any CPU.ActiveCfg = Debug|Win32
		{FE7583CC-945D-48FB-B49F-61CA59C21F5C}.Debug|Mixed Platforms.ActiveCfg = Debug|Win32
		{FE7583CC-945D-48FB-B49F-61CA59C21F5C}.Debug|Mixed Platforms.Build.0 = Debug|Win32
		{FE7583CC-945D-48FB-B49F-61CA59C21F5C}.Debug|Win32.ActiveCfg = Debug|Win32
		{FE7583CC-945D-48FB-B49F-61CA59C21F5C}.Debug|Win32.Build.0 = Debug|Win32
		{FE7583CC-945D-48FB-B49F-61CA59C21F5C}.DebugFixedPipeline|Any CPU.ActiveCfg = DebugFixPipeline|Win32
		{FE7583CC-945D-48FB-B49F-61CA59C21F5C}.DebugFixedPipeline|Mixed Platforms.ActiveCfg = DebugFixPipeline|Win32
		{FE7583CC-945D-48FB-B49F-61CA59C21F5C}.DebugFixedPipeline|Mixed Platforms.Build.0 = DebugFixPipeline|Win32
		{FE7583CC-945D-48FB-B49F-61CA59C21F5C}.DebugFixedPipeline|Win32.ActiveCfg = DebugFixPipeline|Win32
		{FE7583CC-945D-48FB-B49F-61CA59C21F5C}.DebugFixedPipeline|Win32.Build.0 = DebugFixPipeline|Win32
		{FE7583CC-945D-48FB-B49F-61CA59C21F5C}.Release|Any CPU.ActiveCfg = Release|Win32
		{FE7583CC-945D-48FB-B49F-61CA59C21F5C}.Release|Mixed Platforms.ActiveCfg = Release|Win32
		{FE7583CC-945D-48FB-B49F-61CA59C21F5C}.Release|Mixed Platforms.Build.0 = Release|Win32
		{FE7583CC-945D-48FB-B49F-61CA59C21F5C}.Release|Win32.ActiveCfg = Release|Win32
		{FE7583CC-945D-48FB-B49F-61CA59C21F5C}.Release|Win32.Build.0 = Release|Win32
		{FE7583CC-945D-48FB-B49F-61CA59C21F5C}.ReleaseFixedPipeline|Any CPU.ActiveCfg = ReleaseFixedPipeline|Win32
		{FE7583CC-945D-48FB-B49F-61CA59C21F5C}.ReleaseFixedPipeline|Mixed Platforms.ActiveCfg = ReleaseFixedPipeline|Win32
		{FE7583CC-945D-48FB-B49F-61CA59C21F5C}.ReleaseFixedPipeline|Mixed Platforms.Build.0 = ReleaseFixedPipeline|Win32
		{FE7583CC-945D-48FB-B49F-61CA59C21F5C}.ReleaseFixedPipeline|Win32.ActiveCfg = ReleaseFixedPipeline|Win32
		{FE7583CC-945D-48FB-B49F-61CA59C21F5C}.ReleaseFixedPipeline|Win32.Build.0 = ReleaseFixedPipeline|Win32
		{53FA2CA3-C363-431C-B580-67B685F757D8}.Debug|Any CPU.ActiveCfg = Debug|Win32
		{53FA2CA3-C363-431C-B580-67B685F757D8}.Debug|Mixed Platforms.ActiveCfg = Debug|Win32
		{53FA2CA3-C363-431C-B580-67B685F757D8}.Debug|Mixed Platforms.Build.0 = Debug|Win32
		{53FA2CA3-C363-431C-B580-67B685F757D8}.Debug|Win32.ActiveCfg = Debug|Win32
		{53FA2CA3-C363-431C-B580-67B685F757D8}.Debug|Win32.Build.0 = Debug|Win32
		{53FA2CA3-C363-431C-B580-67B685F757D8}.DebugFixedPipeline|Any CPU.ActiveCfg = Debug|Win32
		{53FA2CA3-C363-431C-B580-67B685F757D8}.DebugFixedPipeline|Mixed Platforms.ActiveCfg = Debug|Win32
		{53FA2CA3-C363-431C-B580-67B685F757D8}.DebugFixedPipeline|Mixed Platforms.Build.0 = Debug|Win32
		{53FA2CA3-C363-431C-B580-67B685F757D8}.DebugFixedPipeline|Win32.ActiveCfg = Debug|Win32
		{53FA2CA3-C363-431C-B580-67B685F757D8}.DebugFixedPipeline|Win32.Build.0 = Debug|Win32
		{53FA2CA3-C363-431C-B580-67B685F757D8}.Release|Any CPU.ActiveCfg = Release|Win32
		{53FA2CA3-C363-431C-B580-67B685F757D8}.Release|Mixed Platforms.ActiveCfg = Release|Win32
		{53FA2CA3-C363-431C-B580-67B685F757D8}.Release|Mixed Platforms.Build.0 = Release|Win32
		{53FA2CA3-C363-431C-B580-67B685F757D8}.Release|Win32.ActiveCfg = Release|Win32
		{53FA2CA3-C363-431C-B580-67B685F757D8}.Release|Win32.Build.0 = Release|Win32
		{53FA2CA3-C363-431C-B580-67B685F757D8}.ReleaseFixedPipeline|Any CPU.ActiveCfg = Release|Win32
		{53FA2CA3-C363-431C-B580-67B685F757D8}.ReleaseFixedPipeline|Mixed Platforms.ActiveCfg = Release|Win32
		{53FA2CA3-C363-431C-B580-67B685F757D8}.ReleaseFixedPipeline|Mixed Platforms.Build.0 = Release|Win32
		{53FA2CA3-C363-431C-B580-67B685F757D8}.ReleaseFixedPipeline|Win32.ActiveCfg = Release|Win32
		{53FA2CA3-C363-431C-B580-67B685F757D8}.ReleaseFixedPipeline|Win32.Build.0 = Release|Win32
		{D5962A80-CFCF-437A-B224-01C03CF9FD1A}.Debug|Any CPU.ActiveCfg = Debug|Win32
		{D5962A80-CFCF-437A-B224-01C03CF9FD1A}.Debug|Mixed Platforms.ActiveCfg = Debug|Win32
		{D5962A80-CFCF-437A-B224-01C03CF9FD1A}.Debug|Mixed Platforms.Build.0 = Debug|Win32
		{D5962A80-CFCF-437A-B224-01C03CF9FD1A}.Debug|Win32.ActiveCfg = Debug|Win32
		{D5962A80-CFCF-437A-B224-01C03CF9FD1A}.Debug|Win32.Build.0 = Debug|Win32
		{D5962A80-CFCF-437A-B224-01C03CF9FD1A}.DebugFixedPipeline|Any CPU.ActiveCfg = DebugFixedPipeline|Win32
		{D5962A80-CFCF-437A-B224-01C03CF9FD1A}.DebugFixedPipeline|Mixed Platforms.ActiveCfg = DebugFixedPipeline|Win32
		{D5962A80-CFCF-437A-B224-01C03CF9FD1A}.DebugFixedPipeline|Mixed Platforms.Build.0 = DebugFixedPipeline|Win32
		{D5962A80-CFCF-437A-B224-01C03CF9FD1A}.DebugFixedPipeline|Win32.ActiveCfg = DebugFixedPipeline|Win32
		{D5962A80-CFCF-437A-B224-01C03CF9FD1A}.DebugFixedPipeline|Win32.Build.0 = DebugFixedPipeline|Win32
		{D5962A80-CFCF-437A-B224-01C03CF9FD1A}.Release|Any CPU.ActiveCfg = Release|Win32
		{D5962A80-CFCF-437A-B224-01C03CF9FD1A}.Release|Mixed Platforms.ActiveCfg = Release|Win32
		{D5962A80-CFCF-437A-B224-01C03CF9FD1A}.Release|Mixed Platforms.Build.0 = Release|Win32
		{D5962A80-CFCF-437A-B224-01C03CF9FD1A}.Release|Win32.ActiveCfg = Release|Win32
		{D5962A80-CFCF-437A-B224-01C03CF9FD1A}.Release|Win32.Build.0 = Release|Win32
		{D5962A80-CFCF-437A-B224-01C03CF9FD1A}.ReleaseFixedPipeline|Any CPU.ActiveCfg = ReleaseFixedPipeline|Win32
		{D5962A80-CFCF-437A-B224-01C03CF9FD1A}.ReleaseFixedPipeline|Mixed Platforms.ActiveCfg = ReleaseFixedPipeline|Win32
		{D5962A80-CFCF-437A-B224-01C03CF9FD1A}.ReleaseFixedPipeline|Mixed Platforms.Build.0 = ReleaseFixedPipeline|Win32
		{D5962A80-CFCF-437A-B224-01C03CF9FD1A}.ReleaseFixedPipeline|Win32.ActiveCfg = ReleaseFixedPipeline|Win32
		{D5962A80-CFCF-437A-B224-01C03CF9FD1A}.ReleaseFixedPipeline|Win32.Build.0 = ReleaseFixedPipeline|Win32
		{9EC556B5-121A-4F71-86F9-0C6A2E35FBDA}.Debug|Any CPU.ActiveCfg = Debug|Any CPU
		{9EC556B5-121A-4F71-86F9-0C6A2E35FBDA}.Debug|Any CPU.Build.0 = Debug|Any CPU
		{9EC556B5-121A-4F71-86F9-0C6A2E35FBDA}.Debug|Mixed Platforms.ActiveCfg = Debug|Any CPU
		{9EC556B5-121A-4F71-86F9-0C6A2E35FBDA}.Debug|Mixed Platforms.Build.0 = Debug|Any CPU
		{9EC556B5-121A-4F71-86F9-0C6A2E35FBDA}.Debug|Win32.ActiveCfg = Debug|Any CPU
		{9EC556B5-121A-4F71-86F9-0C6A2E35FBDA}.DebugFixedPipeline|Any CPU.ActiveCfg = Debug|Any CPU
		{9EC556B5-121A-4F71-86F9-0C6A2E35FBDA}.DebugFixedPipeline|Any CPU.Build.0 = Debug|Any CPU
		{9EC556B5-121A-4F71-86F9-0C6A2E35FBDA}.DebugFixedPipeline|Mixed Platforms.ActiveCfg = Debug|Any CPU
		{9EC556B5-121A-4F71-86F9-0C6A2E35FBDA}.DebugFixedPipeline|Mixed Platforms.Build.0 = Debug|Any CPU
		{9EC556B5-121A-4F71-86F9-0C6A2E35FBDA}.DebugFixedPipeline|Win32.ActiveCfg = Debug|Any CPU
		{9EC556B5-121A-4F71-86F9-0C6A2E35FBDA}.DebugFixedPipeline|Win32.Build.0 = Debug|Any CPU
		{9EC556B5-121A-4F71-86F9-0C6A2E35FBDA}.Release|Any CPU.ActiveCfg = Release|Any CPU
		{9EC556B5-121A-4F71-86F9-0C6A2E35FBDA}.Release|Any CPU.Build.0 = Release|Any CPU
		{9EC556B5-121A-4F71-86F9-0C6A2E35FBDA}.Release|Mixed Platforms.ActiveCfg = Release|Any CPU
		{9EC556B5-121A-4F71-86F9-0C6A2E35FBDA}.Release|Mixed Platforms.Build.0 = Release|Any CPU
		{9EC556B5-121A-4F71-86F9-0C6A2E35FBDA}.Release|Win32.ActiveCfg = Release|Any CPU
		{9EC556B5-121A-4F71-86F9-0C6A2E35FBDA}.ReleaseFixedPipeline|Any CPU.ActiveCfg = Release|Any CPU
		{9EC556B5-121A-4F71-86F9-0C6A2E35FBDA}.ReleaseFixedPipeline|Any CPU.Build.0 = Release|Any CPU
		{9EC556B5-121A-4F71-86F9-0C6A2E35FBDA}.ReleaseFixedPipeline|Mixed Platforms.ActiveCfg = Release|Any CPU
		{9EC556B5-121A-4F71-86F9-0C6A2E35FBDA}.ReleaseFixedPipeline|Mixed Platforms.Build.0 = Release|Any CPU
		{9EC556B5-121A-4F71-86F9-0C6A2E35FBDA}.ReleaseFixedPipeline|Win32.ActiveCfg = Release|Any CPU
		{465DD0FB-BE46-4E00-A957-816464E15056}.Debug|Any CPU.ActiveCfg = Debug|Any CPU
		{465DD0FB-BE46-4E00-A957-816464E15056}.Debug|Any CPU.Build.0 = Debug|Any CPU
		{465DD0FB-BE46-4E00-A957-816464E15056}.Debug|Mixed Platforms.ActiveCfg = Debug|Any CPU
		{465DD0FB-BE46-4E00-A957-816464E15056}.Debug|Mixed Platforms.Build.0 = Debug|Any CPU
		{465DD0FB-BE46-4E00-A957-816464E15056}.Debug|Win32.ActiveCfg = Debug|Any CPU
		{465DD0FB-BE46-4E00-A957-816464E15056}.DebugFixedPipeline|Any CPU.ActiveCfg = Debug|Any CPU
		{465DD0FB-BE46-4E00-A957-816464E15056}.DebugFixedPipeline|Any CPU.Build.0 = Debug|Any CPU
		{465DD0FB-BE46-4E00-A957-816464E15056}.DebugFixedPipeline|Mixed Platforms.ActiveCfg = Debug|Any CPU
		{465DD0FB-BE46-4E00-A957-816464E15056}.DebugFixedPipeline|Mixed Platforms.Build.0 = Debug|Any CPU
		{465DD0FB-BE46-4E00-A957-816464E15056}.DebugFixedPipeline|Win32.ActiveCfg = Debug|Any CPU
		{465DD0FB-BE46-4E00-A957-816464E15056}.DebugFixedPipeline|Win32.Build.0 = Debug|Any CPU
		{465DD0FB-BE46-4E00-A957-816464E15056}.Release|Any CPU.ActiveCfg = Release|Any CPU
		{465DD0FB-BE46-4E00-A957-816464E15056}.Release|Any CPU.Build.0 = Release|Any CPU
		{465DD0FB-BE46-4E00-A957-816464E15056}.Release|Mixed Platforms.ActiveCfg = Release|Any CPU
		{465DD0FB-BE46-4E00-A957-816464E15056}.Release|Mixed Platforms.Build.0 = Release|Any CPU
		{465DD0FB-BE46-4E00-A957-816464E15056}.Release|Win32.ActiveCfg = Release|Any CPU
		{465DD0FB-BE46-4E00-A957-816464E15056}.ReleaseFixedPipeline|Any CPU.ActiveCfg = Release|Any CPU
		{465DD0FB-BE46-4E00-A957-816464E15056}.ReleaseFixedPipeline|Any CPU.Build.0 = Release|Any CPU
		{465DD0FB-BE46-4E00-A957-816464E15056}.ReleaseFixedPipeline|Mixed Platforms.ActiveCfg = Release|Any CPU
		{465DD0FB-BE46-4E00-A957-816464E15056}.ReleaseFixedPipeline|Mixed Platforms.Build.0 = Release|Any CPU
		{465DD0FB-BE46-4E00-A957-816464E15056}.ReleaseFixedPipeline|Win32.ActiveCfg = Release|Any CPU
		{0C6674CC-6D49-414A-9B41-D4E175028FFB}.Debug|Any CPU.ActiveCfg = Debug|Any CPU
		{0C6674CC-6D49-414A-9B41-D4E175028FFB}.Debug|Any CPU.Build.0 = Debug|Any CPU
		{0C6674CC-6D49-414A-9B41-D4E175028FFB}.Debug|Mixed Platforms.ActiveCfg = Debug|Any CPU
		{0C6674CC-6D49-414A-9B41-D4E175028FFB}.Debug|Mixed Platforms.Build.0 = Debug|Any CPU
		{0C6674CC-6D49-414A-9B41-D4E175028FFB}.Debug|Win32.ActiveCfg = Debug|Any CPU
		{0C6674CC-6D49-414A-9B41-D4E175028FFB}.DebugFixedPipeline|Any CPU.ActiveCfg = Debug|Any CPU
		{0C6674CC-6D49-414A-9B41-D4E175028FFB}.DebugFixedPipeline|Any CPU.Build.0 = Debug|Any CPU
		{0C6674CC-6D49-414A-9B41-D4E175028FFB}.DebugFixedPipeline|Mixed Platforms.ActiveCfg = Debug|Any CPU
		{0C6674CC-6D49-414A-9B41-D4E175028FFB}.DebugFixedPipeline|Mixed Platforms.Build.0 = Debug|Any CPU
		{0C6674CC-6D49-414A-9B41-D4E175028FFB}.DebugFixedPipeline|Win32.ActiveCfg = Debug|Any CPU
		{0C6674CC-6D49-414A-9B41-D4E175028FFB}.Release|Any CPU.ActiveCfg = Release|Any CPU
		{0C6674CC-6D49-414A-9B41-D4E175028FFB}.Release|Any CPU.Build.0 = Release|Any CPU
		{0C6674CC-6D49-414A-9B41-D4E175028FFB}.Release|Mixed Platforms.ActiveCfg = Release|Any CPU
		{0C6674CC-6D49-414A-9B41-D4E175028FFB}.Release|Mixed Platforms.Build.0 = Release|Any CPU
		{0C6674CC-6D49-414A-9B41-D4E175028FFB}.Release|Win32.ActiveCfg = Release|Any CPU
		{0C6674CC-6D49-414A-9B41-D4E175028FFB}.ReleaseFixedPipeline|Any CPU.ActiveCfg = Release|Any CPU
		{0C6674CC-6D49-414A-9B41-D4E175028FFB}.ReleaseFixedPipeline|Any CPU.Build.0 = Release|Any CPU
		{0C6674CC-6D49-414A-9B41-D4E175028FFB}.ReleaseFixedPipeline|Mixed Platforms.ActiveCfg = Release|Any CPU
		{0C6674CC-6D49-414A-9B41-D4E175028FFB}.ReleaseFixedPipeline|Mixed Platforms.Build.0 = Release|Any CPU
		{0C6674CC-6D49-414A-9B41-D4E175028FFB}.ReleaseFixedPipeline|Win32.ActiveCfg = Release|Any CPU
		{7439A26A-46E1-42A0-9D58-2E38289675F6}.Debug|Any CPU.ActiveCfg = Debug|Any CPU
		{7439A26A-46E1-42A0-9D58-2E38289675F6}.Debug|Any CPU.Build.0 = Debug|Any CPU
		{7439A26A-46E1-42A0-9D58-2E38289675F6}.Debug|Mixed Platforms.ActiveCfg = Debug|Any CPU
		{7439A26A-46E1-42A0-9D58-2E38289675F6}.Debug|Mixed Platforms.Build.0 = Debug|Any CPU
		{7439A26A-46E1-42A0-9D58-2E38289675F6}.Debug|Win32.ActiveCfg = Debug|Any CPU
		{7439A26A-46E1-42A0-9D58-2E38289675F6}.DebugFixedPipeline|Any CPU.ActiveCfg = Debug|Any CPU
		{7439A26A-46E1-42A0-9D58-2E38289675F6}.DebugFixedPipeline|Any CPU.Build.0 = Debug|Any CPU
		{7439A26A-46E1-42A0-9D58-2E38289675F6}.DebugFixedPipeline|Mixed Platforms.ActiveCfg = Debug|Any CPU
		{7439A26A-46E1-42A0-9D58-2E38289675F6}.DebugFixedPipeline|Mixed Platforms.Build.0 = Debug|Any CPU
		{7439A26A-46E1-42A0-9D58-2E38289675F6}.DebugFixedPipeline|Win32.ActiveCfg = Debug|Any CPU
		{7439A26A-46E1-42A0-9D58-2E38289675F6}.Release|Any CPU.ActiveCfg = Release|Any CPU
		{7439A26A-46E1-42A0-9D58-2E38289675F6}.Release|Any CPU.Build.0 = Release|Any CPU
		{7439A26A-46E1-42A0-9D58-2E38289675F6}.Release|Mixed Platforms.ActiveCfg = Release|Any CPU
		{7439A26A-46E1-42A0-9D58-2E38289675F6}.Release|Mixed Platforms.Build.0 = Release|Any CPU
		{7439A26A-46E1-42A0-9D58-2E38289675F6}.Release|Win32.ActiveCfg = Release|Any CPU
		{7439A26A-46E1-42A0-9D58-2E38289675F6}.ReleaseFixedPipeline|Any CPU.ActiveCfg = Release|Any CPU
		{7439A26A-46E1-42A0-9D58-2E38289675F6}.ReleaseFixedPipeline|Any CPU.Build.0 = Release|Any CPU
		{7439A26A-46E1-42A0-9D58-2E38289675F6}.ReleaseFixedPipeline|Mixed Platforms.ActiveCfg = Release|Any CPU
		{7439A26A-46E1-42A0-9D58-2E38289675F6}.ReleaseFixedPipeline|Mixed Platforms.Build.0 = Release|Any CPU
		{7439A26A-46E1-42A0-9D58-2E38289675F6}.ReleaseFixedPipeline|Win32.ActiveCfg = Release|Any CPU
	EndGlobalSection
	GlobalSection(SolutionProperties) = preSolution
		HideSolutionNode = FALSE
	EndGlobalSection
EndGlobal
